# THIS IS AN AUTOGENERATED FILE. DO NOT EDIT THIS FILE DIRECTLY.
# yarn lockfile v1


"@patternfly/patternfly@^4.222.4":
  version "4.222.4"
  resolved "https://registry.yarnpkg.com/@patternfly/patternfly/-/patternfly-4.222.4.tgz#5d988779c50df3dafc989d6e807d16971e34d228"
  integrity sha512-+0fk4dzxEbWn+hgaOnR0BjfeUdEeVVrqfH7+GFeFc+RKjEMjIR/BZbWWN8YQDezmDv6A32gHmEKaY3Uwbt06Lw==
